
Microsoft Visual Studio Solution File, Format Version 12.00
# Visual Studio Version 17
VisualStudioVersion = 17.9.34622.214
MinimumVisualStudioVersion = 10.0.40219.1
Project("{9A19103F-16F7-4668-BE54-9A1E7A4F7556}") = "ArtifactsPathRepro", "ArtifactsPathRepro\ArtifactsPathRepro.csproj", "{42419A43-5B19-4569-9328-1C915914D910}"
EndProject
Project("{2150E333-8FDC-42A3-9474-1A3956D46DE8}") = "Solution Items", "Solution Items", "{CC44C99A-D6A1-4988-9F1F-0F2712631988}"
	ProjectSection(SolutionItems) = preProject
		Directory.Build.Props = Directory.Build.Props
	EndProjectSection
EndProject
Global
	GlobalSection(SolutionConfigurationPlatforms) = preSolution
		Debug|Any CPU = Debug|Any CPU
		Release|Any CPU = Release|Any CPU
	EndGlobalSection
	GlobalSection(ProjectConfigurationPlatforms) = postSolution
		{42419A43-5B19-4569-9328-1C915914D910}.Debug|Any CPU.ActiveCfg = Debug|Any CPU
		{42419A43-5B19-4569-9328-1C915914D910}.Debug|Any CPU.Build.0 = Debug|Any CPU
		{42419A43-5B19-4569-9328-1C915914D910}.Release|Any CPU.ActiveCfg = Release|Any CPU
		{42419A43-5B19-4569-9328-1C915914D910}.Release|Any CPU.Build.0 = Release|Any CPU
	EndGlobalSection
	GlobalSection(SolutionProperties) = preSolution
		HideSolutionNode = FALSE
	EndGlobalSection
	GlobalSection(ExtensibilityGlobals) = postSolution
		SolutionGuid = {82DE8077-01F6-46FA-AAE2-7102E49ECE4B}
	EndGlobalSection
EndGlobal
